
Microsoft Visual Studio Solution File, Format Version 12.00
# Visual Studio Version 17
VisualStudioVersion = 17.13.36105.23 d17.13
MinimumVisualStudioVersion = 10.0.40219.1
Project("{FAE04EC0-301F-11D3-BF4B-00C04F79EFBC}") = "PedidosApp.API", "PedidosApp.API\PedidosApp.API.csproj", "{12872B21-85A1-4F8F-9AF3-349B4D4B4FA4}"
EndProject
Project("{FAE04EC0-301F-11D3-BF4B-00C04F79EFBC}") = "PedidosApp.API.Tests", "PedidosApp.API.Tests\PedidosApp.API.Tests.csproj", "{1226C8C9-C1C0-46BC-AED8-98E46C417648}"
EndProject
Project("{2150E333-8FDC-42A3-9474-1A3956D46DE8}") = "1 - PRESENTATION", "1 - PRESENTATION", "{02EA681E-C7D8-13C7-8484-4AC65E1B71E8}"
EndProject
Project("{2150E333-8FDC-42A3-9474-1A3956D46DE8}") = "2 - APPLICATION", "2 - APPLICATION", "{707A2007-344C-4B82-A8CC-EB2AD142AB6D}"
EndProject
Project("{2150E333-8FDC-42A3-9474-1A3956D46DE8}") = "3 - DOMAIN", "3 - DOMAIN", "{3C47CC02-5BFA-438F-B3D4-85AA999D3B2D}"
EndProject
Project("{2150E333-8FDC-42A3-9474-1A3956D46DE8}") = "4 - INFRASTRUCTURE", "4 - INFRASTRUCTURE", "{0B6E1135-0377-43CE-BD75-077442305B1C}"
EndProject
Project("{FAE04EC0-301F-11D3-BF4B-00C04F79EFBC}") = "PedidosApp.Application", "PedidosApp.Application\PedidosApp.Application.csproj", "{2A5F00A3-C0BB-4676-815F-62FFF10F38F9}"
EndProject
Project("{FAE04EC0-301F-11D3-BF4B-00C04F79EFBC}") = "PedidosApp.Application.Tests", "PedidosApp.Application.Tests\PedidosApp.Application.Tests.csproj", "{A17E0EA8-2925-4972-AB5B-95FB0E1194AE}"
EndProject
Project("{FAE04EC0-301F-11D3-BF4B-00C04F79EFBC}") = "PedidosApp.Domain", "PedidosApp.Domain\PedidosApp.Domain.csproj", "{838459DE-49B8-4627-91BE-651EBD22212A}"
EndProject
Project("{FAE04EC0-301F-11D3-BF4B-00C04F79EFBC}") = "PedidosApp.Domain.Tests", "PedidosApp.Domain.Tests\PedidosApp.Domain.Tests.csproj", "{43053FBA-83F2-4C8A-A179-84C02372BCDF}"
EndProject
Project("{FAE04EC0-301F-11D3-BF4B-00C04F79EFBC}") = "PedidosApp.Infrastructure", "PedidosApp.Infrastructure\PedidosApp.Infrastructure.csproj", "{E70262FE-EFC4-4DE9-A2AB-3920A71E3D89}"
EndProject
Project("{FAE04EC0-301F-11D3-BF4B-00C04F79EFBC}") = "PedidosApp.Infrastructure.Tests", "PedidosApp.Infrastructure.Tests\PedidosApp.Infrastructure.Tests.csproj", "{D06289F6-687F-41C8-9257-0846B74AF491}"
EndProject
Project("{2150E333-8FDC-42A3-9474-1A3956D46DE8}") = "Solution Items", "Solution Items", "{8EC462FD-D22E-90A8-E5CE-7E832BA40C5D}"
	ProjectSection(SolutionItems) = preProject
		docker-compose.yml = docker-compose.yml
	EndProjectSection
EndProject
Global
	GlobalSection(SolutionConfigurationPlatforms) = preSolution
		Debug|Any CPU = Debug|Any CPU
		Release|Any CPU = Release|Any CPU
	EndGlobalSection
	GlobalSection(ProjectConfigurationPlatforms) = postSolution
		{12872B21-85A1-4F8F-9AF3-349B4D4B4FA4}.Debug|Any CPU.ActiveCfg = Debug|Any CPU
		{12872B21-85A1-4F8F-9AF3-349B4D4B4FA4}.Debug|Any CPU.Build.0 = Debug|Any CPU
		{12872B21-85A1-4F8F-9AF3-349B4D4B4FA4}.Release|Any CPU.ActiveCfg = Release|Any CPU
		{12872B21-85A1-4F8F-9AF3-349B4D4B4FA4}.Release|Any CPU.Build.0 = Release|Any CPU
		{1226C8C9-C1C0-46BC-AED8-98E46C417648}.Debug|Any CPU.ActiveCfg = Debug|Any CPU
		{1226C8C9-C1C0-46BC-AED8-98E46C417648}.Debug|Any CPU.Build.0 = Debug|Any CPU
		{1226C8C9-C1C0-46BC-AED8-98E46C417648}.Release|Any CPU.ActiveCfg = Release|Any CPU
		{1226C8C9-C1C0-46BC-AED8-98E46C417648}.Release|Any CPU.Build.0 = Release|Any CPU
		{2A5F00A3-C0BB-4676-815F-62FFF10F38F9}.Debug|Any CPU.ActiveCfg = Debug|Any CPU
		{2A5F00A3-C0BB-4676-815F-62FFF10F38F9}.Debug|Any CPU.Build.0 = Debug|Any CPU
		{2A5F00A3-C0BB-4676-815F-62FFF10F38F9}.Release|Any CPU.ActiveCfg = Release|Any CPU
		{2A5F00A3-C0BB-4676-815F-62FFF10F38F9}.Release|Any CPU.Build.0 = Release|Any CPU
		{A17E0EA8-2925-4972-AB5B-95FB0E1194AE}.Debug|Any CPU.ActiveCfg = Debug|Any CPU
		{A17E0EA8-2925-4972-AB5B-95FB0E1194AE}.Debug|Any CPU.Build.0 = Debug|Any CPU
		{A17E0EA8-2925-4972-AB5B-95FB0E1194AE}.Release|Any CPU.ActiveCfg = Release|Any CPU
		{A17E0EA8-2925-4972-AB5B-95FB0E1194AE}.Release|Any CPU.Build.0 = Release|Any CPU
		{838459DE-49B8-4627-91BE-651EBD22212A}.Debug|Any CPU.ActiveCfg = Debug|Any CPU
		{838459DE-49B8-4627-91BE-651EBD22212A}.Debug|Any CPU.Build.0 = Debug|Any CPU
		{838459DE-49B8-4627-91BE-651EBD22212A}.Release|Any CPU.ActiveCfg = Release|Any CPU
		{838459DE-49B8-4627-91BE-651EBD22212A}.Release|Any CPU.Build.0 = Release|Any CPU
		{43053FBA-83F2-4C8A-A179-84C02372BCDF}.Debug|Any CPU.ActiveCfg = Debug|Any CPU
		{43053FBA-83F2-4C8A-A179-84C02372BCDF}.Debug|Any CPU.Build.0 = Debug|Any CPU
		{43053FBA-83F2-4C8A-A179-84C02372BCDF}.Release|Any CPU.ActiveCfg = Release|Any CPU
		{43053FBA-83F2-4C8A-A179-84C02372BCDF}.Release|Any CPU.Build.0 = Release|Any CPU
		{E70262FE-EFC4-4DE9-A2AB-3920A71E3D89}.Debug|Any CPU.ActiveCfg = Debug|Any CPU
		{E70262FE-EFC4-4DE9-A2AB-3920A71E3D89}.Debug|Any CPU.Build.0 = Debug|Any CPU
		{E70262FE-EFC4-4DE9-A2AB-3920A71E3D89}.Release|Any CPU.ActiveCfg = Release|Any CPU
		{E70262FE-EFC4-4DE9-A2AB-3920A71E3D89}.Release|Any CPU.Build.0 = Release|Any CPU
		{D06289F6-687F-41C8-9257-0846B74AF491}.Debug|Any CPU.ActiveCfg = Debug|Any CPU
		{D06289F6-687F-41C8-9257-0846B74AF491}.Debug|Any CPU.Build.0 = Debug|Any CPU
		{D06289F6-687F-41C8-9257-0846B74AF491}.Release|Any CPU.ActiveCfg = Release|Any CPU
		{D06289F6-687F-41C8-9257-0846B74AF491}.Release|Any CPU.Build.0 = Release|Any CPU
	EndGlobalSection
	GlobalSection(SolutionProperties) = preSolution
		HideSolutionNode = FALSE
	EndGlobalSection
	GlobalSection(NestedProjects) = preSolution
		{12872B21-85A1-4F8F-9AF3-349B4D4B4FA4} = {02EA681E-C7D8-13C7-8484-4AC65E1B71E8}
		{1226C8C9-C1C0-46BC-AED8-98E46C417648} = {02EA681E-C7D8-13C7-8484-4AC65E1B71E8}
		{2A5F00A3-C0BB-4676-815F-62FFF10F38F9} = {707A2007-344C-4B82-A8CC-EB2AD142AB6D}
		{A17E0EA8-2925-4972-AB5B-95FB0E1194AE} = {707A2007-344C-4B82-A8CC-EB2AD142AB6D}
		{838459DE-49B8-4627-91BE-651EBD22212A} = {3C47CC02-5BFA-438F-B3D4-85AA999D3B2D}
		{43053FBA-83F2-4C8A-A179-84C02372BCDF} = {3C47CC02-5BFA-438F-B3D4-85AA999D3B2D}
		{E70262FE-EFC4-4DE9-A2AB-3920A71E3D89} = {0B6E1135-0377-43CE-BD75-077442305B1C}
		{D06289F6-687F-41C8-9257-0846B74AF491} = {0B6E1135-0377-43CE-BD75-077442305B1C}
	EndGlobalSection
	GlobalSection(ExtensibilityGlobals) = postSolution
		SolutionGuid = {D5B35321-5C11-47C7-93C8-593C8EC46D57}
	EndGlobalSection
EndGlobal
